
Microsoft Visual Studio Solution File, Format Version 12.00
# Visual Studio Version 17
VisualStudioVersion = 17.5.002.0
MinimumVisualStudioVersion = 10.0.40219.1
Project("{9A19103F-16F7-4668-BE54-9A1E7A4F7556}") = "moment2-mvc", "moment2-mvc.csproj", "{8627E9E7-A665-4959-9292-5651B6A120FF}"
EndProject
Global
	GlobalSection(SolutionConfigurationPlatforms) = preSolution
		Debug|Any CPU = Debug|Any CPU
		Release|Any CPU = Release|Any CPU
	EndGlobalSection
	GlobalSection(ProjectConfigurationPlatforms) = postSolution
		{8627E9E7-A665-4959-9292-5651B6A120FF}.Debug|Any CPU.ActiveCfg = Debug|Any CPU
		{8627E9E7-A665-4959-9292-5651B6A120FF}.Debug|Any CPU.Build.0 = Debug|Any CPU
		{8627E9E7-A665-4959-9292-5651B6A120FF}.Release|Any CPU.ActiveCfg = Release|Any CPU
		{8627E9E7-A665-4959-9292-5651B6A120FF}.Release|Any CPU.Build.0 = Release|Any CPU
	EndGlobalSection
	GlobalSection(SolutionProperties) = preSolution
		HideSolutionNode = FALSE
	EndGlobalSection
	GlobalSection(ExtensibilityGlobals) = postSolution
		SolutionGuid = {B915E626-E526-4EAE-B861-47DBCD179BE5}
	EndGlobalSection
EndGlobal
